
Microsoft Visual Studio Solution File, Format Version 12.00
# Visual Studio Version 17
VisualStudioVersion = 17.10.35027.167
MinimumVisualStudioVersion = 10.0.40219.1
Project("{FAE04EC0-301F-11D3-BF4B-00C04F79EFBC}") = "Pratik-Try-Catch", "Pratik-Try-Catch\Pratik-Try-Catch.csproj", "{1D223B13-166D-40E7-BB78-C681C5FF8A17}"
EndProject
Global
	GlobalSection(SolutionConfigurationPlatforms) = preSolution
		Debug|Any CPU = Debug|Any CPU
		Release|Any CPU = Release|Any CPU
	EndGlobalSection
	GlobalSection(ProjectConfigurationPlatforms) = postSolution
		{1D223B13-166D-40E7-BB78-C681C5FF8A17}.Debug|Any CPU.ActiveCfg = Debug|Any CPU
		{1D223B13-166D-40E7-BB78-C681C5FF8A17}.Debug|Any CPU.Build.0 = Debug|Any CPU
		{1D223B13-166D-40E7-BB78-C681C5FF8A17}.Release|Any CPU.ActiveCfg = Release|Any CPU
		{1D223B13-166D-40E7-BB78-C681C5FF8A17}.Release|Any CPU.Build.0 = Release|Any CPU
	EndGlobalSection
	GlobalSection(SolutionProperties) = preSolution
		HideSolutionNode = FALSE
	EndGlobalSection
	GlobalSection(ExtensibilityGlobals) = postSolution
		SolutionGuid = {8C87B01A-BBB1-4501-BB99-AD07C5251E34}
	EndGlobalSection
EndGlobal
